
Microsoft Visual Studio Solution File, Format Version 12.00
# Visual Studio Version 16
VisualStudioVersion = 16.0.31911.196
MinimumVisualStudioVersion = 10.0.40219.1
Project("{FAE04EC0-301F-11D3-BF4B-00C04F79EFBC}") = "Authentication_JWT_DEMO", "Authentication_JWT_DEMO\Authentication_JWT_DEMO.csproj", "{64A9D07D-5C9F-4AE7-95A9-86183BB2F414}"
EndProject
Project("{FAE04EC0-301F-11D3-BF4B-00C04F79EFBC}") = "Authentication_JWT_DEMO.Models", "Authentication_JWT_DEMO.Models\Authentication_JWT_DEMO.Models.csproj", "{EAA209DF-E803-4A7A-82EB-5B86EE9ED112}"
EndProject
Project("{FAE04EC0-301F-11D3-BF4B-00C04F79EFBC}") = "Authentication_JWT_DEMO.Services", "Authentication_JWT_DEMO.Services\Authentication_JWT_DEMO.Services.csproj", "{9887EA54-6B07-420A-8D45-D9471BDC99A7}"
EndProject
Global
	GlobalSection(SolutionConfigurationPlatforms) = preSolution
		Debug|Any CPU = Debug|Any CPU
		Release|Any CPU = Release|Any CPU
	EndGlobalSection
	GlobalSection(ProjectConfigurationPlatforms) = postSolution
		{64A9D07D-5C9F-4AE7-95A9-86183BB2F414}.Debug|Any CPU.ActiveCfg = Debug|Any CPU
		{64A9D07D-5C9F-4AE7-95A9-86183BB2F414}.Debug|Any CPU.Build.0 = Debug|Any CPU
		{64A9D07D-5C9F-4AE7-95A9-86183BB2F414}.Release|Any CPU.ActiveCfg = Release|Any CPU
		{64A9D07D-5C9F-4AE7-95A9-86183BB2F414}.Release|Any CPU.Build.0 = Release|Any CPU
		{EAA209DF-E803-4A7A-82EB-5B86EE9ED112}.Debug|Any CPU.ActiveCfg = Debug|Any CPU
		{EAA209DF-E803-4A7A-82EB-5B86EE9ED112}.Debug|Any CPU.Build.0 = Debug|Any CPU
		{EAA209DF-E803-4A7A-82EB-5B86EE9ED112}.Release|Any CPU.ActiveCfg = Release|Any CPU
		{EAA209DF-E803-4A7A-82EB-5B86EE9ED112}.Release|Any CPU.Build.0 = Release|Any CPU
		{9887EA54-6B07-420A-8D45-D9471BDC99A7}.Debug|Any CPU.ActiveCfg = Debug|Any CPU
		{9887EA54-6B07-420A-8D45-D9471BDC99A7}.Debug|Any CPU.Build.0 = Debug|Any CPU
		{9887EA54-6B07-420A-8D45-D9471BDC99A7}.Release|Any CPU.ActiveCfg = Release|Any CPU
		{9887EA54-6B07-420A-8D45-D9471BDC99A7}.Release|Any CPU.Build.0 = Release|Any CPU
	EndGlobalSection
	GlobalSection(SolutionProperties) = preSolution
		HideSolutionNode = FALSE
	EndGlobalSection
	GlobalSection(ExtensibilityGlobals) = postSolution
		SolutionGuid = {C7385883-2D98-4336-83E5-EB0D4056C962}
	EndGlobalSection
EndGlobal
